
Microsoft Visual Studio Solution File, Format Version 12.00
# Visual Studio Version 16
VisualStudioVersion = 16.0.29209.62
MinimumVisualStudioVersion = 10.0.40219.1
Project("{9A19103F-16F7-4668-BE54-9A1E7A4F7556}") = "survey", "survey.csproj", "{91A7DF08-B27E-42C7-82F6-868A5D93613D}"
EndProject
Global
	GlobalSection(SolutionConfigurationPlatforms) = preSolution
		Debug|Any CPU = Debug|Any CPU
		Release|Any CPU = Release|Any CPU
	EndGlobalSection
	GlobalSection(ProjectConfigurationPlatforms) = postSolution
		{91A7DF08-B27E-42C7-82F6-868A5D93613D}.Debug|Any CPU.ActiveCfg = Debug|Any CPU
		{91A7DF08-B27E-42C7-82F6-868A5D93613D}.Debug|Any CPU.Build.0 = Debug|Any CPU
		{91A7DF08-B27E-42C7-82F6-868A5D93613D}.Release|Any CPU.ActiveCfg = Release|Any CPU
		{91A7DF08-B27E-42C7-82F6-868A5D93613D}.Release|Any CPU.Build.0 = Release|Any CPU
	EndGlobalSection
	GlobalSection(SolutionProperties) = preSolution
		HideSolutionNode = FALSE
	EndGlobalSection
	GlobalSection(ExtensibilityGlobals) = postSolution
		SolutionGuid = {0AA6B0C3-A858-473D-93B9-4C401672F6A8}
	EndGlobalSection
EndGlobal
